
Microsoft Visual Studio Solution File, Format Version 12.00
# Visual Studio Version 17
VisualStudioVersion = 17.4.33110.190
MinimumVisualStudioVersion = 10.0.40219.1
Project("{FAE04EC0-301F-11D3-BF4B-00C04F79EFBC}") = "ECommerceApp-API", "ECommerceApp-API\ECommerceApp-API.csproj", "{3597698E-C44D-453F-B24F-85B5BF64049B}"
EndProject
Global
	GlobalSection(SolutionConfigurationPlatforms) = preSolution
		Debug|Any CPU = Debug|Any CPU
		Release|Any CPU = Release|Any CPU
	EndGlobalSection
	GlobalSection(ProjectConfigurationPlatforms) = postSolution
		{3597698E-C44D-453F-B24F-85B5BF64049B}.Debug|Any CPU.ActiveCfg = Debug|Any CPU
		{3597698E-C44D-453F-B24F-85B5BF64049B}.Debug|Any CPU.Build.0 = Debug|Any CPU
		{3597698E-C44D-453F-B24F-85B5BF64049B}.Release|Any CPU.ActiveCfg = Release|Any CPU
		{3597698E-C44D-453F-B24F-85B5BF64049B}.Release|Any CPU.Build.0 = Release|Any CPU
	EndGlobalSection
	GlobalSection(SolutionProperties) = preSolution
		HideSolutionNode = FALSE
	EndGlobalSection
	GlobalSection(ExtensibilityGlobals) = postSolution
		SolutionGuid = {90D744C5-1277-4D9E-96DC-816F9E01C6F3}
	EndGlobalSection
EndGlobal
